
Microsoft Visual Studio Solution File, Format Version 12.00
# Visual Studio Version 17
VisualStudioVersion = 17.4.33205.214
MinimumVisualStudioVersion = 10.0.40219.1
Project("{9A19103F-16F7-4668-BE54-9A1E7A4F7556}") = "Exchange.Core", "Exchange.Core\Exchange.Core.csproj", "{1C660D17-4321-477B-8767-8842EDD083B0}"
EndProject
Project("{9A19103F-16F7-4668-BE54-9A1E7A4F7556}") = "Exchange.Repository", "Exchange.Repository\Exchange.Repository.csproj", "{D3DBB184-E3AF-47BD-BE18-15AC42193F05}"
EndProject
Project("{9A19103F-16F7-4668-BE54-9A1E7A4F7556}") = "Exchange.Service", "Exchange.Service\Exchange.Service.csproj", "{D6EB143A-A504-49F9-90C4-AAD52C155C61}"
EndProject
Project("{9A19103F-16F7-4668-BE54-9A1E7A4F7556}") = "Exchange.Web", "Exchange.Web\Exchange.Web.csproj", "{9B4CD865-BF5A-45A2-8B78-D7C07EAFC413}"
EndProject
Project("{FAE04EC0-301F-11D3-BF4B-00C04F79EFBC}") = "Exchange.ConsoleApp", "Exchange.ConsoleApp\Exchange.ConsoleApp.csproj", "{593B5D27-0FCA-4D52-9A84-FD3AA20270A6}"
EndProject
Global
	GlobalSection(SolutionConfigurationPlatforms) = preSolution
		Debug|Any CPU = Debug|Any CPU
		Release|Any CPU = Release|Any CPU
	EndGlobalSection
	GlobalSection(ProjectConfigurationPlatforms) = postSolution
		{1C660D17-4321-477B-8767-8842EDD083B0}.Debug|Any CPU.ActiveCfg = Debug|Any CPU
		{1C660D17-4321-477B-8767-8842EDD083B0}.Debug|Any CPU.Build.0 = Debug|Any CPU
		{1C660D17-4321-477B-8767-8842EDD083B0}.Release|Any CPU.ActiveCfg = Release|Any CPU
		{1C660D17-4321-477B-8767-8842EDD083B0}.Release|Any CPU.Build.0 = Release|Any CPU
		{D3DBB184-E3AF-47BD-BE18-15AC42193F05}.Debug|Any CPU.ActiveCfg = Debug|Any CPU
		{D3DBB184-E3AF-47BD-BE18-15AC42193F05}.Debug|Any CPU.Build.0 = Debug|Any CPU
		{D3DBB184-E3AF-47BD-BE18-15AC42193F05}.Release|Any CPU.ActiveCfg = Release|Any CPU
		{D3DBB184-E3AF-47BD-BE18-15AC42193F05}.Release|Any CPU.Build.0 = Release|Any CPU
		{D6EB143A-A504-49F9-90C4-AAD52C155C61}.Debug|Any CPU.ActiveCfg = Debug|Any CPU
		{D6EB143A-A504-49F9-90C4-AAD52C155C61}.Debug|Any CPU.Build.0 = Debug|Any CPU
		{D6EB143A-A504-49F9-90C4-AAD52C155C61}.Release|Any CPU.ActiveCfg = Release|Any CPU
		{D6EB143A-A504-49F9-90C4-AAD52C155C61}.Release|Any CPU.Build.0 = Release|Any CPU
		{9B4CD865-BF5A-45A2-8B78-D7C07EAFC413}.Debug|Any CPU.ActiveCfg = Debug|Any CPU
		{9B4CD865-BF5A-45A2-8B78-D7C07EAFC413}.Debug|Any CPU.Build.0 = Debug|Any CPU
		{9B4CD865-BF5A-45A2-8B78-D7C07EAFC413}.Release|Any CPU.ActiveCfg = Release|Any CPU
		{9B4CD865-BF5A-45A2-8B78-D7C07EAFC413}.Release|Any CPU.Build.0 = Release|Any CPU
		{593B5D27-0FCA-4D52-9A84-FD3AA20270A6}.Debug|Any CPU.ActiveCfg = Debug|Any CPU
		{593B5D27-0FCA-4D52-9A84-FD3AA20270A6}.Debug|Any CPU.Build.0 = Debug|Any CPU
		{593B5D27-0FCA-4D52-9A84-FD3AA20270A6}.Release|Any CPU.ActiveCfg = Release|Any CPU
		{593B5D27-0FCA-4D52-9A84-FD3AA20270A6}.Release|Any CPU.Build.0 = Release|Any CPU
	EndGlobalSection
	GlobalSection(SolutionProperties) = preSolution
		HideSolutionNode = FALSE
	EndGlobalSection
	GlobalSection(ExtensibilityGlobals) = postSolution
		SolutionGuid = {D371345A-41B1-4631-9412-E3CADC4C175C}
	EndGlobalSection
EndGlobal
